
Microsoft Visual Studio Solution File, Format Version 12.00
# Visual Studio 15
VisualStudioVersion = 15.0.28010.2016
MinimumVisualStudioVersion = 10.0.40219.1
Project("{FAE04EC0-301F-11D3-BF4B-00C04F79EFBC}") = "Demo", "Demo\Demo.csproj", "{7A42869B-674E-4874-A667-15DEFAAA6DEF}"
EndProject
Global
	GlobalSection(SolutionConfigurationPlatforms) = preSolution
		Debug|Any CPU = Debug|Any CPU
		Release|Any CPU = Release|Any CPU
	EndGlobalSection
	GlobalSection(ProjectConfigurationPlatforms) = postSolution
		{7A42869B-674E-4874-A667-15DEFAAA6DEF}.Debug|Any CPU.ActiveCfg = Debug|Any CPU
		{7A42869B-674E-4874-A667-15DEFAAA6DEF}.Debug|Any CPU.Build.0 = Debug|Any CPU
		{7A42869B-674E-4874-A667-15DEFAAA6DEF}.Release|Any CPU.ActiveCfg = Release|Any CPU
		{7A42869B-674E-4874-A667-15DEFAAA6DEF}.Release|Any CPU.Build.0 = Release|Any CPU
	EndGlobalSection
	GlobalSection(SolutionProperties) = preSolution
		HideSolutionNode = FALSE
	EndGlobalSection
	GlobalSection(ExtensibilityGlobals) = postSolution
		SolutionGuid = {B210AF24-EBCA-4B7A-9497-FD047DFD8D4B}
	EndGlobalSection
EndGlobal
